
Microsoft Visual Studio Solution File, Format Version 12.00
# Visual Studio 2017
Project("{FAE04EC0-301F-11D3-BF4B-00C04F79EFBC}") = "RoboSnakeRepo", "RoboSnakeRepo.csproj", "{BDF3F085-B8D5-436F-6ABE-12D231DCD2CE}"
EndProject
Global
	GlobalSection(SolutionConfigurationPlatforms) = preSolution
		Debug|Any CPU = Debug|Any CPU
		Release|Any CPU = Release|Any CPU
	EndGlobalSection
	GlobalSection(ProjectConfigurationPlatforms) = postSolution
		{BDF3F085-B8D5-436F-6ABE-12D231DCD2CE}.Debug|Any CPU.ActiveCfg = Debug|Any CPU
		{BDF3F085-B8D5-436F-6ABE-12D231DCD2CE}.Debug|Any CPU.Build.0 = Debug|Any CPU
		{BDF3F085-B8D5-436F-6ABE-12D231DCD2CE}.Release|Any CPU.ActiveCfg = Release|Any CPU
		{BDF3F085-B8D5-436F-6ABE-12D231DCD2CE}.Release|Any CPU.Build.0 = Release|Any CPU
	EndGlobalSection
	GlobalSection(SolutionProperties) = preSolution
		HideSolutionNode = FALSE
	EndGlobalSection
EndGlobal
